// !$*UTF8*$!
{
	archiveVersion = 1;
	classes = {
	};
	objectVersion = 51;
	objects = {

/* Begin PBXBuildFile section */
		45900B932781BC43007A80F2 /* AppDelegate.swift in Sources */ = {isa = PBXBuildFile; fileRef = 45900B922781BC43007A80F2 /* AppDelegate.swift */; };
		45900B952781BC43007A80F2 /* SceneDelegate.swift in Sources */ = {isa = PBXBuildFile; fileRef = 45900B942781BC43007A80F2 /* SceneDelegate.swift */; };
		45900B972781BC43007A80F2 /* ViewController.swift in Sources */ = {isa = PBXBuildFile; fileRef = 45900B962781BC43007A80F2 /* ViewController.swift */; };
		45900B9A2781BC43007A80F2 /* Main.storyboard in Resources */ = {isa = PBXBuildFile; fileRef = 45900B982781BC43007A80F2 /* Main.storyboard */; };
		45900B9D2781BC43007A80F2 /* Alamorfire.xcdatamodeld in Sources */ = {isa = PBXBuildFile; fileRef = 45900B9B2781BC43007A80F2 /* Alamorfire.xcdatamodeld */; };
		45900B9F2781BC45007A80F2 /* Assets.xcassets in Resources */ = {isa = PBXBuildFile; fileRef = 45900B9E2781BC45007A80F2 /* Assets.xcassets */; };
		45900BA22781BC45007A80F2 /* LaunchScreen.storyboard in Resources */ = {isa = PBXBuildFile; fileRef = 45900BA02781BC45007A80F2 /* LaunchScreen.storyboard */; };
		45F81D512782D9E100DB0624 /* Fillm.swift in Sources */ = {isa = PBXBuildFile; fileRef = 45F81D502782D9E100DB0624 /* Fillm.swift */; };
		45F81D542782DABB00DB0624 /* Films.swift in Sources */ = {isa = PBXBuildFile; fileRef = 45F81D532782DABB00DB0624 /* Films.swift */; };
		45F81D5B2782FEFD00DB0624 /* TableViewCell.swift in Sources */ = {isa = PBXBuildFile; fileRef = 45F81D5A2782FEFD00DB0624 /* TableViewCell.swift */; };
		45F81D5E27831F9100DB0624 /* DetailViewController.swift in Sources */ = {isa = PBXBuildFile; fileRef = 45F81D5D27831F9100DB0624 /* DetailViewController.swift */; };
		45F81D642784079000DB0624 /* StarShip.swift in Sources */ = {isa = PBXBuildFile; fileRef = 45F81D632784078F00DB0624 /* StarShip.swift */; };
		BACB202EBA807408AAF7478C /* Pods_Alamorfire.framework in Frameworks */ = {isa = PBXBuildFile; fileRef = 8ADB2858827284DB32E51520 /* Pods_Alamorfire.framework */; };
/* End PBXBuildFile section */

/* Begin PBXFileReference section */
		45900B8F2781BC43007A80F2 /* Alamorfire.app */ = {isa = PBXFileReference; explicitFileType = wrapper.application; includeInIndex = 0; path = Alamorfire.app; sourceTree = BUILT_PRODUCTS_DIR; };
		45900B922781BC43007A80F2 /* AppDelegate.swift */ = {isa = PBXFileReference; lastKnownFileType = sourcecode.swift; path = AppDelegate.swift; sourceTree = "<group>"; };
		45900B942781BC43007A80F2 /* SceneDelegate.swift */ = {isa = PBXFileReference; lastKnownFileType = sourcecode.swift; path = SceneDelegate.swift; sourceTree = "<group>"; };
		45900B962781BC43007A80F2 /* ViewController.swift */ = {isa = PBXFileReference; lastKnownFileType = sourcecode.swift; path = ViewController.swift; sourceTree = "<group>"; };
		45900B992781BC43007A80F2 /* Base */ = {isa = PBXFileReference; lastKnownFileType = file.storyboard; name = Base; path = Base.lproj/Main.storyboard; sourceTree = "<group>"; };
		45900B9C2781BC43007A80F2 /* Alamorfire.xcdatamodel */ = {isa = PBXFileReference; lastKnownFileType = wrapper.xcdatamodel; path = Alamorfire.xcdatamodel; sourceTree = "<group>"; };
		45900B9E2781BC45007A80F2 /* Assets.xcassets */ = {isa = PBXFileReference; lastKnownFileType = folder.assetcatalog; path = Assets.xcassets; sourceTree = "<group>"; };
		45900BA12781BC45007A80F2 /* Base */ = {isa = PBXFileReference; lastKnownFileType = file.storyboard; name = Base; path = Base.lproj/LaunchScreen.storyboard; sourceTree = "<group>"; };
		45900BA32781BC45007A80F2 /* Info.plist */ = {isa = PBXFileReference; lastKnownFileType = text.plist.xml; path = Info.plist; sourceTree = "<group>"; };
		45F81D502782D9E100DB0624 /* Fillm.swift */ = {isa = PBXFileReference; lastKnownFileType = sourcecode.swift; path = Fillm.swift; sourceTree = "<group>"; };
		45F81D532782DABB00DB0624 /* Films.swift */ = {isa = PBXFileReference; lastKnownFileType = sourcecode.swift; path = Films.swift; sourceTree = "<group>"; };
		45F81D5A2782FEFD00DB0624 /* TableViewCell.swift */ = {isa = PBXFileReference; lastKnownFileType = sourcecode.swift; path = TableViewCell.swift; sourceTree = "<group>"; };
		45F81D5D27831F9100DB0624 /* DetailViewController.swift */ = {isa = PBXFileReference; lastKnownFileType = sourcecode.swift; path = DetailViewController.swift; sourceTree = "<group>"; };
		45F81D632784078F00DB0624 /* StarShip.swift */ = {isa = PBXFileReference; lastKnownFileType = sourcecode.swift; path = StarShip.swift; sourceTree = "<group>"; };
		8ADB2858827284DB32E51520 /* Pods_Alamorfire.framework */ = {isa = PBXFileReference; explicitFileType = wrapper.framework; includeInIndex = 0; path = Pods_Alamorfire.framework; sourceTree = BUILT_PRODUCTS_DIR; };
		B6CB60DACAF5623869560492 /* Pods-Alamorfire.release.xcconfig */ = {isa = PBXFileReference; includeInIndex = 1; lastKnownFileType = text.xcconfig; name = "Pods-Alamorfire.release.xcconfig"; path = "Target Support Files/Pods-Alamorfire/Pods-Alamorfire.release.xcconfig"; sourceTree = "<group>"; };
		FAB7F416F3F402B1B3C1D1E6 /* Pods-Alamorfire.debug.xcconfig */ = {isa = PBXFileReference; includeInIndex = 1; lastKnownFileType = text.xcconfig; name = "Pods-Alamorfire.debug.xcconfig"; path = "Target Support Files/Pods-Alamorfire/Pods-Alamorfire.debug.xcconfig"; sourceTree = "<group>"; };
/* End PBXFileReference section */

/* Begin PBXFrameworksBuildPhase section */
		45900B8C2781BC43007A80F2 /* Frameworks */ = {
			isa = PBXFrameworksBuildPhase;
			buildActionMask = 2147483647;
			files = (
				BACB202EBA807408AAF7478C /* Pods_Alamorfire.framework in Frameworks */,
			);
			runOnlyForDeploymentPostprocessing = 0;
		};
/* End PBXFrameworksBuildPhase section */

/* Begin PBXGroup section */
		45900B862781BC43007A80F2 = {
			isa = PBXGroup;
			children = (
				45900B912781BC43007A80F2 /* Alamorfire */,
				45900B902781BC43007A80F2 /* Products */,
				7E9565488BA624DD869556A6 /* Pods */,
				B86741CE974C55D16BB00722 /* Frameworks */,
			);
			sourceTree = "<group>";
		};
		45900B902781BC43007A80F2 /* Products */ = {
			isa = PBXGroup;
			children = (
				45900B8F2781BC43007A80F2 /* Alamorfire.app */,
			);
			name = Products;
			sourceTree = "<group>";
		};
		45900B912781BC43007A80F2 /* Alamorfire */ = {
			isa = PBXGroup;
			children = (
				45900B922781BC43007A80F2 /* AppDelegate.swift */,
				45900B942781BC43007A80F2 /* SceneDelegate.swift */,
				45900B962781BC43007A80F2 /* ViewController.swift */,
				45900B982781BC43007A80F2 /* Main.storyboard */,
				45900B9E2781BC45007A80F2 /* Assets.xcassets */,
				45900BA02781BC45007A80F2 /* LaunchScreen.storyboard */,
				45900BA32781BC45007A80F2 /* Info.plist */,
				45900B9B2781BC43007A80F2 /* Alamorfire.xcdatamodeld */,
				45F81D502782D9E100DB0624 /* Fillm.swift */,
				45F81D532782DABB00DB0624 /* Films.swift */,
				45F81D5A2782FEFD00DB0624 /* TableViewCell.swift */,
				45F81D5D27831F9100DB0624 /* DetailViewController.swift */,
				45F81D632784078F00DB0624 /* StarShip.swift */,
			);
			path = Alamorfire;
			sourceTree = "<group>";
		};
		7E9565488BA624DD869556A6 /* Pods */ = {
			isa = PBXGroup;
			children = (
				FAB7F416F3F402B1B3C1D1E6 /* Pods-Alamorfire.debug.xcconfig */,
				B6CB60DACAF5623869560492 /* Pods-Alamorfire.release.xcconfig */,
			);
			path = Pods;
			sourceTree = "<group>";
		};
		B86741CE974C55D16BB00722 /* Frameworks */ = {
			isa = PBXGroup;
			children = (
				8ADB2858827284DB32E51520 /* Pods_Alamorfire.framework */,
			);
			name = Frameworks;
			sourceTree = "<group>";
		};
/* End PBXGroup section */

/* Begin PBXNativeTarget section */
		45900B8E2781BC43007A80F2 /* Alamorfire */ = {
			isa = PBXNativeTarget;
			buildConfigurationList = 45900BA62781BC45007A80F2 /* Build configuration list for PBXNativeTarget "Alamorfire" */;
			buildPhases = (
				4E48E75BCE490CD3E5CC9F32 /* [CP] Check Pods Manifest.lock */,
				45900B8B2781BC43007A80F2 /* Sources */,
				45900B8C2781BC43007A80F2 /* Frameworks */,
				45900B8D2781BC43007A80F2 /* Resources */,
				A9600F6A73707F1B635630CE /* [CP] Embed Pods Frameworks */,
			);
			buildRules = (
			);
			dependencies = (
			);
			name = Alamorfire;
			productName = Alamorfire;
			productReference = 45900B8F2781BC43007A80F2 /* Alamorfire.app */;
			productType = "com.apple.product-type.application";
		};
/* End PBXNativeTarget section */

/* Begin PBXProject section */
		45900B872781BC43007A80F2 /* Project object */ = {
			isa = PBXProject;
			attributes = {
				LastSwiftUpdateCheck = 1240;
				LastUpgradeCheck = 1240;
				TargetAttributes = {
					45900B8E2781BC43007A80F2 = {
						CreatedOnToolsVersion = 12.4;
					};
				};
			};
			buildConfigurationList = 45900B8A2781BC43007A80F2 /* Build configuration list for PBXProject "Alamorfire" */;
			compatibilityVersion = "Xcode 9.3";
			developmentRegion = en;
			hasScannedForEncodings = 0;
			knownRegions = (
				en,
				Base,
			);
			mainGroup = 45900B862781BC43007A80F2;
			productRefGroup = 45900B902781BC43007A80F2 /* Products */;
			projectDirPath = "";
			projectRoot = "";
			targets = (
				45900B8E2781BC43007A80F2 /* Alamorfire */,
			);
		};
/* End PBXProject section */

/* Begin PBXResourcesBuildPhase section */
		45900B8D2781BC43007A80F2 /* Resources */ = {
			isa = PBXResourcesBuildPhase;
			buildActionMask = 2147483647;
			files = (
				45900BA22781BC45007A80F2 /* LaunchScreen.storyboard in Resources */,
				45900B9F2781BC45007A80F2 /* Assets.xcassets in Resources */,
				45900B9A2781BC43007A80F2 /* Main.storyboard in Resources */,
			);
			runOnlyForDeploymentPostprocessing = 0;
		};
/* End PBXResourcesBuildPhase section */

/* Begin PBXShellScriptBuildPhase section */
		4E48E75BCE490CD3E5CC9F32 /* [CP] Check Pods Manifest.lock */ = {
			isa = PBXShellScriptBuildPhase;
			buildActionMask = 2147483647;
			files = (
			);
			inputFileListPaths = (
			);
			inputPaths = (
				"${PODS_PODFILE_DIR_PATH}/Podfile.lock",
				"${PODS_ROOT}/Manifest.lock",
			);
			name = "[CP] Check Pods Manifest.lock";
			outputFileListPaths = (
			);
			outputPaths = (
				"$(DERIVED_FILE_DIR)/Pods-Alamorfire-checkManifestLockResult.txt",
			);
			runOnlyForDeploymentPostprocessing = 0;
			shellPath = /bin/sh;
			shellScript = "diff \"${PODS_PODFILE_DIR_PATH}/Podfile.lock\" \"${PODS_ROOT}/Manifest.lock\" > /dev/null\nif [ $? != 0 ] ; then\n    # print error to STDERR\n    echo \"error: The sandbox is not in sync with the Podfile.lock. Run 'pod install' or update your CocoaPods installation.\" >&2\n    exit 1\nfi\n# This output is used by Xcode 'outputs' to avoid re-running this script phase.\necho \"SUCCESS\" > \"${SCRIPT_OUTPUT_FILE_0}\"\n";
			showEnvVarsInLog = 0;
		};
		A9600F6A73707F1B635630CE /* [CP] Embed Pods Frameworks */ = {
			isa = PBXShellScriptBuildPhase;
			buildActionMask = 2147483647;
			files = (
			);
			inputFileListPaths = (
				"${PODS_ROOT}/Target Support Files/Pods-Alamorfire/Pods-Alamorfire-frameworks-${CONFIGURATION}-input-files.xcfilelist",
			);
			name = "[CP] Embed Pods Frameworks";
			outputFileListPaths = (
				"${PODS_ROOT}/Target Support Files/Pods-Alamorfire/Pods-Alamorfire-frameworks-${CONFIGURATION}-output-files.xcfilelist",
			);
			runOnlyForDeploymentPostprocessing = 0;
			shellPath = /bin/sh;
			shellScript = "\"${PODS_ROOT}/Target Support Files/Pods-Alamorfire/Pods-Alamorfire-frameworks.sh\"\n";
			showEnvVarsInLog = 0;
		};
/* End PBXShellScriptBuildPhase section */

/* Begin PBXSourcesBuildPhase section */
		45900B8B2781BC43007A80F2 /* Sources */ = {
			isa = PBXSourcesBuildPhase;
			buildActionMask = 2147483647;
			files = (
				45F81D512782D9E100DB0624 /* Fillm.swift in Sources */,
				45F81D542782DABB00DB0624 /* Films.swift in Sources */,
				45900B972781BC43007A80F2 /* ViewController.swift in Sources */,
				45900B9D2781BC43007A80F2 /* Alamorfire.xcdatamodeld in Sources */,
				45900B932781BC43007A80F2 /* AppDelegate.swift in Sources */,
				45F81D5B2782FEFD00DB0624 /* TableViewCell.swift in Sources */,
				45900B952781BC43007A80F2 /* SceneDelegate.swift in Sources */,
				45F81D642784079000DB0624 /* StarShip.swift in Sources */,
				45F81D5E27831F9100DB0624 /* DetailViewController.swift in Sources */,
			);
			runOnlyForDeploymentPostprocessing = 0;
		};
/* End PBXSourcesBuildPhase section */

/* Begin PBXVariantGroup section */
		45900B982781BC43007A80F2 /* Main.storyboard */ = {
			isa = PBXVariantGroup;
			children = (
				45900B992781BC43007A80F2 /* Base */,
			);
			name = Main.storyboard;
			sourceTree = "<group>";
		};
		45900BA02781BC45007A80F2 /* LaunchScreen.storyboard */ = {
			isa = PBXVariantGroup;
			children = (
				45900BA12781BC45007A80F2 /* Base */,
			);
			name = LaunchScreen.storyboard;
			sourceTree = "<group>";
		};
/* End PBXVariantGroup section */

/* Begin XCBuildConfiguration section */
		45900BA42781BC45007A80F2 /* Debug */ = {
			isa = XCBuildConfiguration;
			buildSettings = {
				ALWAYS_SEARCH_USER_PATHS = NO;
				CLANG_ANALYZER_NONNULL = YES;
				CLANG_ANALYZER_NUMBER_OBJECT_CONVERSION = YES_AGGRESSIVE;
				CLANG_CXX_LANGUAGE_STANDARD = "gnu++14";
				CLANG_CXX_LIBRARY = "libc++";
				CLANG_ENABLE_MODULES = YES;
				CLANG_ENABLE_OBJC_ARC = YES;
				CLANG_ENABLE_OBJC_WEAK = YES;
				CLANG_WARN_BLOCK_CAPTURE_AUTORELEASING = YES;
				CLANG_WARN_BOOL_CONVERSION = YES;
				CLANG_WARN_COMMA = YES;
				CLANG_WARN_CONSTANT_CONVERSION = YES;
				CLANG_WARN_DEPRECATED_OBJC_IMPLEMENTATIONS = YES;
				CLANG_WARN_DIRECT_OBJC_ISA_USAGE = YES_ERROR;
				CLANG_WARN_DOCUMENTATION_COMMENTS = YES;
				CLANG_WARN_EMPTY_BODY = YES;
				CLANG_WARN_ENUM_CONVERSION = YES;
				CLANG_WARN_INFINITE_RECURSION = YES;
				CLANG_WARN_INT_CONVERSION = YES;
				CLANG_WARN_NON_LITERAL_NULL_CONVERSION = YES;
				CLANG_WARN_OBJC_IMPLICIT_RETAIN_SELF = YES;
				CLANG_WARN_OBJC_LITERAL_CONVERSION = YES;
				CLANG_WARN_OBJC_ROOT_CLASS = YES_ERROR;
				CLANG_WARN_QUOTED_INCLUDE_IN_FRAMEWORK_HEADER = YES;
				CLANG_WARN_RANGE_LOOP_ANALYSIS = YES;
				CLANG_WARN_STRICT_PROTOTYPES = YES;
				CLANG_WARN_SUSPICIOUS_MOVE = YES;
				CLANG_WARN_UNGUARDED_AVAILABILITY = YES_AGGRESSIVE;
				CLANG_WARN_UNREACHABLE_CODE = YES;
				CLANG_WARN__DUPLICATE_METHOD_MATCH = YES;
				COPY_PHASE_STRIP = NO;
				DEBUG_INFORMATION_FORMAT = dwarf;
				ENABLE_STRICT_OBJC_MSGSEND = YES;
				ENABLE_TESTABILITY = YES;
				GCC_C_LANGUAGE_STANDARD = gnu11;
				GCC_DYNAMIC_NO_PIC = NO;
				GCC_NO_COMMON_BLOCKS = YES;
				GCC_OPTIMIZATION_LEVEL = 0;
				GCC_PREPROCESSOR_DEFINITIONS = (
					"DEBUG=1",
					"$(inherited)",
				);
				GCC_WARN_64_TO_32_BIT_CONVERSION = YES;
				GCC_WARN_ABOUT_RETURN_TYPE = YES_ERROR;
				GCC_WARN_UNDECLARED_SELECTOR = YES;
				GCC_WARN_UNINITIALIZED_AUTOS = YES_AGGRESSIVE;
				GCC_WARN_UNUSED_FUNCTION = YES;
				GCC_WARN_UNUSED_VARIABLE = YES;
				IPHONEOS_DEPLOYMENT_TARGET = 14.4;
				MTL_ENABLE_DEBUG_INFO = INCLUDE_SOURCE;
				MTL_FAST_MATH = YES;
				ONLY_ACTIVE_ARCH = YES;
				SDKROOT = iphoneos;
				SWIFT_ACTIVE_COMPILATION_CONDITIONS = DEBUG;
				SWIFT_OPTIMIZATION_LEVEL = "-Onone";
			};
			name = Debug;
		};
		45900BA52781BC45007A80F2 /* Release */ = {
			isa = XCBuildConfiguration;
			buildSettings = {
				ALWAYS_SEARCH_USER_PATHS = NO;
				CLANG_ANALYZER_NONNULL = YES;
				CLANG_ANALYZER_NUMBER_OBJECT_CONVERSION = YES_AGGRESSIVE;
				CLANG_CXX_LANGUAGE_STANDARD = "gnu++14";
				CLANG_CXX_LIBRARY = "libc++";
				CLANG_ENABLE_MODULES = YES;
				CLANG_ENABLE_OBJC_ARC = YES;
				CLANG_ENABLE_OBJC_WEAK = YES;
				CLANG_WARN_BLOCK_CAPTURE_AUTORELEASING = YES;
				CLANG_WARN_BOOL_CONVERSION = YES;
				CLANG_WARN_COMMA = YES;
				CLANG_WARN_CONSTANT_CONVERSION = YES;
				CLANG_WARN_DEPRECATED_OBJC_IMPLEMENTATIONS = YES;
				CLANG_WARN_DIRECT_OBJC_ISA_USAGE = YES_ERROR;
				CLANG_WARN_DOCUMENTATION_COMMENTS = YES;
				CLANG_WARN_EMPTY_BODY = YES;
				CLANG_WARN_ENUM_CONVERSION = YES;
				CLANG_WARN_INFINITE_RECURSION = YES;
				CLANG_WARN_INT_CONVERSION = YES;
				CLANG_WARN_NON_LITERAL_NULL_CONVERSION = YES;
				CLANG_WARN_OBJC_IMPLICIT_RETAIN_SELF = YES;
				CLANG_WARN_OBJC_LITERAL_CONVERSION = YES;
				CLANG_WARN_OBJC_ROOT_CLASS = YES_ERROR;
				CLANG_WARN_QUOTED_INCLUDE_IN_FRAMEWORK_HEADER = YES;
				CLANG_WARN_RANGE_LOOP_ANALYSIS = YES;
				CLANG_WARN_STRICT_PROTOTYPES = YES;
				CLANG_WARN_SUSPICIOUS_MOVE = YES;
				CLANG_WARN_UNGUARDED_AVAILABILITY = YES_AGGRESSIVE;
				CLANG_WARN_UNREACHABLE_CODE = YES;
				CLANG_WARN__DUPLICATE_METHOD_MATCH = YES;
				COPY_PHASE_STRIP = NO;
				DEBUG_INFORMATION_FORMAT = "dwarf-with-dsym";
				ENABLE_NS_ASSERTIONS = NO;
				ENABLE_STRICT_OBJC_MSGSEND = YES;
				GCC_C_LANGUAGE_STANDARD = gnu11;
				GCC_NO_COMMON_BLOCKS = YES;
				GCC_WARN_64_TO_32_BIT_CONVERSION = YES;
				GCC_WARN_ABOUT_RETURN_TYPE = YES_ERROR;
				GCC_WARN_UNDECLARED_SELECTOR = YES;
				GCC_WARN_UNINITIALIZED_AUTOS = YES_AGGRESSIVE;
				GCC_WARN_UNUSED_FUNCTION = YES;
				GCC_WARN_UNUSED_VARIABLE = YES;
				IPHONEOS_DEPLOYMENT_TARGET = 14.4;
				MTL_ENABLE_DEBUG_INFO = NO;
				MTL_FAST_MATH = YES;
				SDKROOT = iphoneos;
				SWIFT_COMPILATION_MODE = wholemodule;
				SWIFT_OPTIMIZATION_LEVEL = "-O";
				VALIDATE_PRODUCT = YES;
			};
			name = Release;
		};
		45900BA72781BC45007A80F2 /* Debug */ = {
			isa = XCBuildConfiguration;
			baseConfigurationReference = FAB7F416F3F402B1B3C1D1E6 /* Pods-Alamorfire.debug.xcconfig */;
			buildSettings = {
				ASSETCATALOG_COMPILER_APPICON_NAME = AppIcon;
				ASSETCATALOG_COMPILER_GLOBAL_ACCENT_COLOR_NAME = AccentColor;
				CODE_SIGN_STYLE = Automatic;
				DEVELOPMENT_TEAM = GSYP7D3Q3P;
				INFOPLIST_FILE = Alamorfire/Info.plist;
				LD_RUNPATH_SEARCH_PATHS = (
					"$(inherited)",
					"@executable_path/Frameworks",
				);
				PRODUCT_BUNDLE_IDENTIFIER = com.Alamorfire;
				PRODUCT_NAME = "$(TARGET_NAME)";
				SWIFT_VERSION = 5.0;
				TARGETED_DEVICE_FAMILY = "1,2";
			};
			name = Debug;
		};
		45900BA82781BC45007A80F2 /* Release */ = {
			isa = XCBuildConfiguration;
			baseConfigurationReference = B6CB60DACAF5623869560492 /* Pods-Alamorfire.release.xcconfig */;
			buildSettings = {
				ASSETCATALOG_COMPILER_APPICON_NAME = AppIcon;
				ASSETCATALOG_COMPILER_GLOBAL_ACCENT_COLOR_NAME = AccentColor;
				CODE_SIGN_STYLE = Automatic;
				DEVELOPMENT_TEAM = GSYP7D3Q3P;
				INFOPLIST_FILE = Alamorfire/Info.plist;
				LD_RUNPATH_SEARCH_PATHS = (
					"$(inherited)",
					"@executable_path/Frameworks",
				);
				PRODUCT_BUNDLE_IDENTIFIER = com.Alamorfire;
				PRODUCT_NAME = "$(TARGET_NAME)";
				SWIFT_VERSION = 5.0;
				TARGETED_DEVICE_FAMILY = "1,2";
			};
			name = Release;
		};
/* End XCBuildConfiguration section */

/* Begin XCConfigurationList section */
		45900B8A2781BC43007A80F2 /* Build configuration list for PBXProject "Alamorfire" */ = {
			isa = XCConfigurationList;
			buildConfigurations = (
				45900BA42781BC45007A80F2 /* Debug */,
				45900BA52781BC45007A80F2 /* Release */,
			);
			defaultConfigurationIsVisible = 0;
			defaultConfigurationName = Release;
		};
		45900BA62781BC45007A80F2 /* Build configuration list for PBXNativeTarget "Alamorfire" */ = {
			isa = XCConfigurationList;
			buildConfigurations = (
				45900BA72781BC45007A80F2 /* Debug */,
				45900BA82781BC45007A80F2 /* Release */,
			);
			defaultConfigurationIsVisible = 0;
			defaultConfigurationName = Release;
		};
/* End XCConfigurationList section */

/* Begin XCVersionGroup section */
		45900B9B2781BC43007A80F2 /* Alamorfire.xcdatamodeld */ = {
			isa = XCVersionGroup;
			children = (
				45900B9C2781BC43007A80F2 /* Alamorfire.xcdatamodel */,
			);
			currentVersion = 45900B9C2781BC43007A80F2 /* Alamorfire.xcdatamodel */;
			path = Alamorfire.xcdatamodeld;
			sourceTree = "<group>";
			versionGroupType = wrapper.xcdatamodel;
		};
/* End XCVersionGroup section */
	};
	rootObject = 45900B872781BC43007A80F2 /* Project object */;
}
